
Microsoft Visual Studio Solution File, Format Version 12.00
# Visual Studio Version 16
VisualStudioVersion = 16.0.33801.447
MinimumVisualStudioVersion = 10.0.40219.1
Project("{FAE04EC0-301F-11D3-BF4B-00C04F79EFBC}") = "2322", "BiblioTech\2322.csproj", "{0A612EF3-6043-4FE1-8A29-4335E7FADF89}"
EndProject
Global
	GlobalSection(SolutionConfigurationPlatforms) = preSolution
		Debug|Any CPU = Debug|Any CPU
		Release|Any CPU = Release|Any CPU
	EndGlobalSection
	GlobalSection(ProjectConfigurationPlatforms) = postSolution
		{0A612EF3-6043-4FE1-8A29-4335E7FADF89}.Debug|Any CPU.ActiveCfg = Debug|Any CPU
		{0A612EF3-6043-4FE1-8A29-4335E7FADF89}.Debug|Any CPU.Build.0 = Debug|Any CPU
		{0A612EF3-6043-4FE1-8A29-4335E7FADF89}.Release|Any CPU.ActiveCfg = Release|Any CPU
		{0A612EF3-6043-4FE1-8A29-4335E7FADF89}.Release|Any CPU.Build.0 = Release|Any CPU
	EndGlobalSection
	GlobalSection(SolutionProperties) = preSolution
		HideSolutionNode = FALSE
	EndGlobalSection
	GlobalSection(ExtensibilityGlobals) = postSolution
		SolutionGuid = {840E1864-D070-40C1-A987-FC1FC92E2F32}
	EndGlobalSection
EndGlobal
